{
  "originHash" : "7eec77e2b399c480e76fdfc7dc3162652f5c775530e9fc282953de38ef2de79b",
  "pins" : [
    {
      "identity" : "elevenlabskit",
      "kind" : "remoteSourceControl",
      "location" : "https://github.com/steipete/ElevenLabsKit",
      "state" : {
        "revision" : "c8679fbd37416a8780fe43be88a497ff16209e2d",
        "version" : "0.1.0"
      }
    },
    {
      "identity" : "eventsource",
      "kind" : "remoteSourceControl",
      "location" : "https://github.com/mattt/eventsource.git",
      "state" : {
        "revision" : "ca2a9d90cbe49e09b92f4b6ebd922c03ebea51d0",
        "version" : "1.3.0"
      }
    },
    {
      "identity" : "menubarextraaccess",
      "kind" : "remoteSourceControl",
      "location" : "https://github.com/orchetect/MenuBarExtraAccess",
      "state" : {
        "revision" : "707dff6f55217b3ef5b6be84ced3e83511d4df5c",
        "version" : "1.2.2"
      }
    },
    {
      "identity" : "sparkle",
      "kind" : "remoteSourceControl",
      "location" : "https://github.com/sparkle-project/Sparkle",
      "state" : {
        "revision" : "5581748cef2bae787496fe6d61139aebe0a451f6",
        "version" : "2.8.1"
      }
    },
    {
      "identity" : "swift-algorithms",
      "kind" : "remoteSourceControl",
      "location" : "https://github.com/apple/swift-algorithms",
      "state" : {
        "revision" : "87e50f483c54e6efd60e885f7f5aa946cee68023",
        "version" : "1.2.1"
      }
    },
    {
      "identity" : "swift-asn1",
      "kind" : "remoteSourceControl",
      "location" : "https://github.com/apple/swift-asn1.git",
      "state" : {
        "revision" : "810496cf121e525d660cd0ea89a758740476b85f",
        "version" : "1.5.1"
      }
    },
    {
      "identity" : "swift-async-algorithms",
      "kind" : "remoteSourceControl",
      "location" : "https://github.com/apple/swift-async-algorithms",
      "state" : {
        "revision" : "6c050d5ef8e1aa6342528460db614e9770d7f804",
        "version" : "1.1.1"
      }
    },
    {
      "identity" : "swift-collections",
      "kind" : "remoteSourceControl",
      "location" : "https://github.com/apple/swift-collections",
      "state" : {
        "branch" : "main",
        "revision" : "8e5e4a8f3617283b556064574651fc0869943c9a"
      }
    },
    {
      "identity" : "swift-concurrency-extras",
      "kind" : "remoteSourceControl",
      "location" : "https://github.com/pointfreeco/swift-concurrency-extras",
      "state" : {
        "revision" : "5a3825302b1a0d744183200915a47b508c828e6f",
        "version" : "1.3.2"
      }
    },
    {
      "identity" : "swift-configuration",
      "kind" : "remoteSourceControl",
      "location" : "https://github.com/apple/swift-configuration",
      "state" : {
        "revision" : "3528deb75256d7dcbb0d71fa75077caae0a8c749",
        "version" : "1.0.0"
      }
    },
    {
      "identity" : "swift-crypto",
      "kind" : "remoteSourceControl",
      "location" : "https://github.com/apple/swift-crypto.git",
      "state" : {
        "revision" : "6f70fa9eab24c1fd982af18c281c4525d05e3095",
        "version" : "4.2.0"
      }
    },
    {
      "identity" : "swift-log",
      "kind" : "remoteSourceControl",
      "location" : "https://github.com/apple/swift-log.git",
      "state" : {
        "revision" : "bc386b95f2a16ccd0150a8235e7c69eab2b866ca",
        "version" : "1.8.0"
      }
    },
    {
      "identity" : "swift-numerics",
      "kind" : "remoteSourceControl",
      "location" : "https://github.com/apple/swift-numerics.git",
      "state" : {
        "revision" : "0c0290ff6b24942dadb83a929ffaaa1481df04a2",
        "version" : "1.1.1"
      }
    },
    {
      "identity" : "swift-sdk",
      "kind" : "remoteSourceControl",
      "location" : "https://github.com/modelcontextprotocol/swift-sdk.git",
      "state" : {
        "revision" : "c0407a0b52677cb395d824cac2879b963075ba8c",
        "version" : "0.10.2"
      }
    },
    {
      "identity" : "swift-service-lifecycle",
      "kind" : "remoteSourceControl",
      "location" : "https://github.com/swift-server/swift-service-lifecycle",
      "state" : {
        "revision" : "1de37290c0ab3c5a96028e0f02911b672fd42348",
        "version" : "2.9.1"
      }
    },
    {
      "identity" : "swift-subprocess",
      "kind" : "remoteSourceControl",
      "location" : "https://github.com/swiftlang/swift-subprocess.git",
      "state" : {
        "revision" : "44922dfe46380cd354ca4b0208e717a3e92b13dd",
        "version" : "0.2.1"
      }
    },
    {
      "identity" : "swift-system",
      "kind" : "remoteSourceControl",
      "location" : "https://github.com/apple/swift-system",
      "state" : {
        "revision" : "395a77f0aa927f0ff73941d7ac35f2b46d47c9db",
        "version" : "1.6.3"
      }
    },
    {
      "identity" : "swiftui-math",
      "kind" : "remoteSourceControl",
      "location" : "https://github.com/gonzalezreal/swiftui-math",
      "state" : {
        "revision" : "0b5c2cfaaec8d6193db206f675048eeb5ce95f71",
        "version" : "0.1.0"
      }
    },
    {
      "identity" : "textual",
      "kind" : "remoteSourceControl",
      "location" : "https://github.com/gonzalezreal/textual",
      "state" : {
        "revision" : "a03c1e103d88de4ea0dd8320ea1611ec0d4b29b3",
        "version" : "0.2.0"
      }
    }
  ],
  "version" : 3
}
